
Microsoft Visual Studio Solution File, Format Version 12.00
# Visual Studio Version 17
VisualStudioVersion = 17.14.36518.9
MinimumVisualStudioVersion = 10.0.40219.1
Project("{FAE04EC0-301F-11D3-BF4B-00C04F79EFBC}") = "BAI1", "BAI1\BAI1.csproj", "{6B8DD9E4-004B-417E-B08C-2DD136060877}"
EndProject
Project("{FAE04EC0-301F-11D3-BF4B-00C04F79EFBC}") = "BAI2", "BAI2\BAI2.csproj", "{349B0A36-2C5B-4D99-B6D2-030B6E0EC477}"
EndProject
Project("{FAE04EC0-301F-11D3-BF4B-00C04F79EFBC}") = "BAI5", "BAI5\BAI5.csproj", "{7F6A0DAC-9FE3-4228-96E1-2C304E8C32A7}"
EndProject
Project("{FAE04EC0-301F-11D3-BF4B-00C04F79EFBC}") = "BAI6", "BAI6\BAI6.csproj", "{A678E0F3-EC2A-46D1-99DE-E7E80CC8C5B2}"
EndProject
Project("{FAE04EC0-301F-11D3-BF4B-00C04F79EFBC}") = "BAI3", "BAI3\BAI3.csproj", "{5F69DD0B-DBC5-4563-AF07-3A587E1A2A56}"
EndProject
Project("{FAE04EC0-301F-11D3-BF4B-00C04F79EFBC}") = "BAI4", "BAI4\BAI4.csproj", "{7E0CB7FE-B80C-480D-9ECF-D44EF3B8349E}"
EndProject
Global
	GlobalSection(SolutionConfigurationPlatforms) = preSolution
		Debug|Any CPU = Debug|Any CPU
		Release|Any CPU = Release|Any CPU
	EndGlobalSection
	GlobalSection(ProjectConfigurationPlatforms) = postSolution
		{6B8DD9E4-004B-417E-B08C-2DD136060877}.Debug|Any CPU.ActiveCfg = Debug|Any CPU
		{6B8DD9E4-004B-417E-B08C-2DD136060877}.Debug|Any CPU.Build.0 = Debug|Any CPU
		{6B8DD9E4-004B-417E-B08C-2DD136060877}.Release|Any CPU.ActiveCfg = Release|Any CPU
		{6B8DD9E4-004B-417E-B08C-2DD136060877}.Release|Any CPU.Build.0 = Release|Any CPU
		{349B0A36-2C5B-4D99-B6D2-030B6E0EC477}.Debug|Any CPU.ActiveCfg = Debug|Any CPU
		{349B0A36-2C5B-4D99-B6D2-030B6E0EC477}.Debug|Any CPU.Build.0 = Debug|Any CPU
		{349B0A36-2C5B-4D99-B6D2-030B6E0EC477}.Release|Any CPU.ActiveCfg = Release|Any CPU
		{349B0A36-2C5B-4D99-B6D2-030B6E0EC477}.Release|Any CPU.Build.0 = Release|Any CPU
		{7F6A0DAC-9FE3-4228-96E1-2C304E8C32A7}.Debug|Any CPU.ActiveCfg = Debug|Any CPU
		{7F6A0DAC-9FE3-4228-96E1-2C304E8C32A7}.Debug|Any CPU.Build.0 = Debug|Any CPU
		{7F6A0DAC-9FE3-4228-96E1-2C304E8C32A7}.Release|Any CPU.ActiveCfg = Release|Any CPU
		{7F6A0DAC-9FE3-4228-96E1-2C304E8C32A7}.Release|Any CPU.Build.0 = Release|Any CPU
		{A678E0F3-EC2A-46D1-99DE-E7E80CC8C5B2}.Debug|Any CPU.ActiveCfg = Debug|Any CPU
		{A678E0F3-EC2A-46D1-99DE-E7E80CC8C5B2}.Debug|Any CPU.Build.0 = Debug|Any CPU
		{A678E0F3-EC2A-46D1-99DE-E7E80CC8C5B2}.Release|Any CPU.ActiveCfg = Release|Any CPU
		{A678E0F3-EC2A-46D1-99DE-E7E80CC8C5B2}.Release|Any CPU.Build.0 = Release|Any CPU
		{5F69DD0B-DBC5-4563-AF07-3A587E1A2A56}.Debug|Any CPU.ActiveCfg = Debug|Any CPU
		{5F69DD0B-DBC5-4563-AF07-3A587E1A2A56}.Debug|Any CPU.Build.0 = Debug|Any CPU
		{5F69DD0B-DBC5-4563-AF07-3A587E1A2A56}.Release|Any CPU.ActiveCfg = Release|Any CPU
		{5F69DD0B-DBC5-4563-AF07-3A587E1A2A56}.Release|Any CPU.Build.0 = Release|Any CPU
		{7E0CB7FE-B80C-480D-9ECF-D44EF3B8349E}.Debug|Any CPU.ActiveCfg = Debug|Any CPU
		{7E0CB7FE-B80C-480D-9ECF-D44EF3B8349E}.Debug|Any CPU.Build.0 = Debug|Any CPU
		{7E0CB7FE-B80C-480D-9ECF-D44EF3B8349E}.Release|Any CPU.ActiveCfg = Release|Any CPU
		{7E0CB7FE-B80C-480D-9ECF-D44EF3B8349E}.Release|Any CPU.Build.0 = Release|Any CPU
	EndGlobalSection
	GlobalSection(SolutionProperties) = preSolution
		HideSolutionNode = FALSE
	EndGlobalSection
	GlobalSection(ExtensibilityGlobals) = postSolution
		SolutionGuid = {B78E63DB-9C6F-48CD-B0CF-951FC9CE4378}
	EndGlobalSection
EndGlobal
